<Solution>
  <Folder Name="/benchmarks/">
    <Project Path="benchmarks/Rambla.Benchmarks/Rambla.Benchmarks.csproj" />
  </Folder>
  <Folder Name="/samples/">
    <Project Path="samples/Rambla.Demo.MarketDashboard/Rambla.Demo.MarketDashboard.csproj" />
    <Project Path="samples/Rambla.Demo.WinUI/Rambla.Demo.WinUI.csproj" />
    <Project Path="samples/Rambla.Demo.WinUI.Virtualization/Rambla.Demo.WinUI.Virtualization.csproj" />
  </Folder>
  <Folder Name="/src/">
    <Project Path="src/Rambla.Avalonia/Rambla.Avalonia.csproj" />
    <Project Path="src/Rambla.Diagnostics/Rambla.Diagnostics.csproj" />
    <Project Path="src/Rambla.Generators/Rambla.Generators.csproj" />
    <Project Path="src/Rambla.WinUI/Rambla.WinUI.csproj" />
    <Project Path="src/Rambla.Wpf/Rambla.Wpf.csproj" />
    <Project Path="src/Rambla/Rambla.csproj" />
  </Folder>
  <Folder Name="/tests/">
    <Project Path="tests/Rambla.Avalonia.Tests/Rambla.Avalonia.Tests.csproj" />
    <Project Path="tests/Rambla.WinUI.Tests/Rambla.WinUI.Tests.csproj" />
    <Project Path="tests/Rambla.Tests/Rambla.Tests.csproj" />
  </Folder>
</Solution>
